<?xml version="1.0" encoding="utf-8"?>
<Project ToolsVersion="17.0" xmlns="http://schemas.microsoft.com/developer/msbuild/2003">
  <ItemGroup>
    <Filter Include="Header Files">
      <UniqueIdentifier>{BCC5D9A3-EE44-348F-9826-FE2A4183D27F}</UniqueIdentifier>
    </Filter>
    <Filter Include="Source Files">
      <UniqueIdentifier>{ADB6D06F-86D4-387D-982C-8930BCF55499}</UniqueIdentifier>
    </Filter>
  </ItemGroup>
  <ItemGroup>
    <Image Include="src\HydgToolbox.ico">
      <Filter>Header Files</Filter>
    </Image>
  </ItemGroup>
  <ItemGroup>
    <None Include="src\HydgToolbox.qrc">
      <Filter>Header Files</Filter>
    </None>
    <None Include="src\toolbox\HydgToolbox.ui">
      <Filter>Source Files</Filter>
    </None>
  </ItemGroup>
  <ItemGroup>
    <ResourceCompile Include="src\HydgToolbox.rc">
      <Filter>Header Files</Filter>
    </ResourceCompile>
  </ItemGroup>
  <ItemGroup>
    <ClCompile Include="src\main.cpp">
      <Filter>Source Files</Filter>
    </ClCompile>
    <ClCompile Include="src\config\GlobalConfig.cpp">
      <Filter>Source Files</Filter>
    </ClCompile>
    <ClCompile Include="src\event\PubSubEventBus.cpp">
      <Filter>Source Files</Filter>
    </ClCompile>
    <ClCompile Include="src\event\ZeroMQEventServer.cpp">
      <Filter>Source Files</Filter>
    </ClCompile>
    <ClCompile Include="src\logger\Logger.cpp">
      <Filter>Source Files</Filter>
    </ClCompile>
    <ClCompile Include="src\plugin\PluginController.cpp">
      <Filter>Source Files</Filter>
    </ClCompile>
    <ClCompile Include="src\plugin\PluginManager.cpp">
      <Filter>Source Files</Filter>
    </ClCompile>
    <ClCompile Include="src\toolbox\HydgToolbox.cpp">
      <Filter>Source Files</Filter>
    </ClCompile>
    <ClCompile Include="src\utils\StringProcess.cpp">
      <Filter>Source Files</Filter>
    </ClCompile>
    <ClCompile Include="libs\jsoncpp-1.9.6\dist\jsoncpp.cpp">
      <Filter>Source Files</Filter>
    </ClCompile>
  </ItemGroup>
  <ItemGroup>
    <ClInclude Include="src\config\GlobalConfig.h">
      <Filter>Source Files</Filter>
    </ClInclude>
    <ClInclude Include="src\event\EventType.h">
      <Filter>Source Files</Filter>
    </ClInclude>
    <ClInclude Include="src\event\PubSubEventBus.h">
      <Filter>Source Files</Filter>
    </ClInclude>
    <ClInclude Include="src\event\ZeroMQEventServer.h">
      <Filter>Source Files</Filter>
    </ClInclude>
    <ClInclude Include="src\event\zmq.hpp">
      <Filter>Source Files</Filter>
    </ClInclude>
    <ClInclude Include="src\event\zmq_addon.hpp">
      <Filter>Source Files</Filter>
    </ClInclude>
    <ClInclude Include="src\logger\Logger.h">
      <Filter>Source Files</Filter>
    </ClInclude>
    <ClInclude Include="src\plugin\HydgPluginInterface.h">
      <Filter>Source Files</Filter>
    </ClInclude>
    <ClInclude Include="src\plugin\PluginController.h">
      <Filter>Source Files</Filter>
    </ClInclude>
    <ClInclude Include="src\plugin\PluginManager.h">
      <Filter>Source Files</Filter>
    </ClInclude>
    <ClInclude Include="src\toolbox\HydgToolbox.h">
      <Filter>Source Files</Filter>
    </ClInclude>
    <ClInclude Include="src\utils\StringProcess.h">
      <Filter>Source Files</Filter>
    </ClInclude>
    <ClInclude Include="src\utils\ThreadSafeUnorderedMap.h">
      <Filter>Source Files</Filter>
    </ClInclude>
  </ItemGroup>
  <ItemGroup>
    <Text Include="CMakeLists.txt">
      <Filter>Source Files</Filter>
    </Text>
  </ItemGroup>
</Project>